
Microsoft Visual Studio Solution File, Format Version 12.00
# Visual Studio 15
VisualStudioVersion = 15.0.26730.16
MinimumVisualStudioVersion = 10.0.40219.1
Project("{9A19103F-16F7-4668-BE54-9A1E7A4F7556}") = "MetroBus", "src\MetroBus\MetroBus.csproj", "{6E398ACA-D34E-4CA5-811B-65453E4B8A02}"
EndProject
Project("{9A19103F-16F7-4668-BE54-9A1E7A4F7556}") = "MetroBus.Autofac", "src\MetroBus.Autofac\MetroBus.Autofac.csproj", "{40F16FE8-EB48-4903-BB4F-CE1E87DB945C}"
EndProject
Project("{9A19103F-16F7-4668-BE54-9A1E7A4F7556}") = "MetroBus.Core", "src\MetroBus.Core\MetroBus.Core.csproj", "{98E4B6F9-55F2-44DE-AEB7-F0074A4E31C6}"
EndProject
Project("{2150E333-8FDC-42A3-9474-1A3956D46DE8}") = "src", "src", "{46FDF466-9E91-462F-AF4D-08598CD80187}"
EndProject
Project("{2150E333-8FDC-42A3-9474-1A3956D46DE8}") = "tests", "tests", "{6DBF250B-5DD4-499B-A188-1295A473046F}"
EndProject
Project("{FAE04EC0-301F-11D3-BF4B-00C04F79EFBC}") = "MetroBus.Sample.Contracts", "tests\MetroBus.Sample.Contracts\MetroBus.Sample.Contracts.csproj", "{65BA8B13-77B6-41A0-B8B7-A82B0640DEF9}"
EndProject
Project("{FAE04EC0-301F-11D3-BF4B-00C04F79EFBC}") = "MetroBus.Sample.Producer", "tests\MetroBus.Sample.Producer\MetroBus.Sample.Producer.csproj", "{11474E5B-7387-4D5A-9707-673793E4023D}"
EndProject
Global
	GlobalSection(SolutionConfigurationPlatforms) = preSolution
		Debug|Any CPU = Debug|Any CPU
		Release|Any CPU = Release|Any CPU
	EndGlobalSection
	GlobalSection(ProjectConfigurationPlatforms) = postSolution
		{6E398ACA-D34E-4CA5-811B-65453E4B8A02}.Debug|Any CPU.ActiveCfg = Debug|Any CPU
		{6E398ACA-D34E-4CA5-811B-65453E4B8A02}.Debug|Any CPU.Build.0 = Debug|Any CPU
		{6E398ACA-D34E-4CA5-811B-65453E4B8A02}.Release|Any CPU.ActiveCfg = Release|Any CPU
		{6E398ACA-D34E-4CA5-811B-65453E4B8A02}.Release|Any CPU.Build.0 = Release|Any CPU
		{40F16FE8-EB48-4903-BB4F-CE1E87DB945C}.Debug|Any CPU.ActiveCfg = Debug|Any CPU
		{40F16FE8-EB48-4903-BB4F-CE1E87DB945C}.Debug|Any CPU.Build.0 = Debug|Any CPU
		{40F16FE8-EB48-4903-BB4F-CE1E87DB945C}.Release|Any CPU.ActiveCfg = Release|Any CPU
		{40F16FE8-EB48-4903-BB4F-CE1E87DB945C}.Release|Any CPU.Build.0 = Release|Any CPU
		{98E4B6F9-55F2-44DE-AEB7-F0074A4E31C6}.Debug|Any CPU.ActiveCfg = Debug|Any CPU
		{98E4B6F9-55F2-44DE-AEB7-F0074A4E31C6}.Debug|Any CPU.Build.0 = Debug|Any CPU
		{98E4B6F9-55F2-44DE-AEB7-F0074A4E31C6}.Release|Any CPU.ActiveCfg = Release|Any CPU
		{98E4B6F9-55F2-44DE-AEB7-F0074A4E31C6}.Release|Any CPU.Build.0 = Release|Any CPU
		{65BA8B13-77B6-41A0-B8B7-A82B0640DEF9}.Debug|Any CPU.ActiveCfg = Debug|Any CPU
		{65BA8B13-77B6-41A0-B8B7-A82B0640DEF9}.Debug|Any CPU.Build.0 = Debug|Any CPU
		{65BA8B13-77B6-41A0-B8B7-A82B0640DEF9}.Release|Any CPU.ActiveCfg = Release|Any CPU
		{65BA8B13-77B6-41A0-B8B7-A82B0640DEF9}.Release|Any CPU.Build.0 = Release|Any CPU
		{11474E5B-7387-4D5A-9707-673793E4023D}.Debug|Any CPU.ActiveCfg = Debug|Any CPU
		{11474E5B-7387-4D5A-9707-673793E4023D}.Debug|Any CPU.Build.0 = Debug|Any CPU
		{11474E5B-7387-4D5A-9707-673793E4023D}.Release|Any CPU.ActiveCfg = Release|Any CPU
		{11474E5B-7387-4D5A-9707-673793E4023D}.Release|Any CPU.Build.0 = Release|Any CPU
	EndGlobalSection
	GlobalSection(SolutionProperties) = preSolution
		HideSolutionNode = FALSE
	EndGlobalSection
	GlobalSection(NestedProjects) = preSolution
		{6E398ACA-D34E-4CA5-811B-65453E4B8A02} = {46FDF466-9E91-462F-AF4D-08598CD80187}
		{40F16FE8-EB48-4903-BB4F-CE1E87DB945C} = {46FDF466-9E91-462F-AF4D-08598CD80187}
		{98E4B6F9-55F2-44DE-AEB7-F0074A4E31C6} = {46FDF466-9E91-462F-AF4D-08598CD80187}
		{65BA8B13-77B6-41A0-B8B7-A82B0640DEF9} = {6DBF250B-5DD4-499B-A188-1295A473046F}
		{11474E5B-7387-4D5A-9707-673793E4023D} = {6DBF250B-5DD4-499B-A188-1295A473046F}
	EndGlobalSection
	GlobalSection(ExtensibilityGlobals) = postSolution
		SolutionGuid = {D0A598B0-5DC0-4A0C-9CD7-43271329365E}
	EndGlobalSection
EndGlobal
